
Microsoft Visual Studio Solution File, Format Version 12.00
# Visual Studio 15
VisualStudioVersion = 15.0.27130.2036
MinimumVisualStudioVersion = 10.0.40219.1
Project("{FAE04EC0-301F-11D3-BF4B-00C04F79EFBC}") = "MetriCam2", "MetriCam2\MetriCam2.csproj", "{342F049E-668B-4351-B21D-75E4BEF5A1E4}"
EndProject
Project("{8BC9CEB8-8B4A-11D0-8D11-00A0C91BC942}") = "WebCam", "BetaCameras\WebCam\WebCam.vcxproj", "{01C2FB4D-1F35-4855-9B53-0480519387C5}"
EndProject
Project("{2150E333-8FDC-42A3-9474-1A3956D46DE8}") = "BetaCameras", "BetaCameras", "{4817E415-1337-4CA1-BF30-23D3EA0F806B}"
EndProject
Project("{FAE04EC0-301F-11D3-BF4B-00C04F79EFBC}") = "UEye", "BetaCameras\UEye\UEye.csproj", "{68003E12-8D06-4EDC-8578-FC075ED27F80}"
EndProject
Project("{2150E333-8FDC-42A3-9474-1A3956D46DE8}") = "Tests", "Tests", "{1B040287-F8FC-444F-BFF6-E85C9ECF52CC}"
EndProject
Project("{FAE04EC0-301F-11D3-BF4B-00C04F79EFBC}") = "LoadCalibrationsTest", "Tests\LoadCalibrationsTest\LoadCalibrationsTest.csproj", "{B64515BC-38E8-44B3-AD2B-E13DEFE6DF96}"
EndProject
Project("{FAE04EC0-301F-11D3-BF4B-00C04F79EFBC}") = "TestCameraSettings", "Tests\TestCameraSettings\TestCameraSettings.csproj", "{27D56448-7608-44D7-BFBA-388A36CB162D}"
EndProject
Project("{2150E333-8FDC-42A3-9474-1A3956D46DE8}") = "Samples", "Samples", "{6AB144DD-597B-4900-8768-7C5423630A71}"
EndProject
Project("{FAE04EC0-301F-11D3-BF4B-00C04F79EFBC}") = "MinimalSample", "Samples\MinimalSample\MinimalSample.csproj", "{488A05E9-0E28-4B47-B4EB-FD5FFEAB9BDE}"
EndProject
Project("{FAE04EC0-301F-11D3-BF4B-00C04F79EFBC}") = "Sick.VisionaryT", "BetaCameras\Sick.VisionaryT\Sick.VisionaryT.csproj", "{DE18D143-C624-4941-B8A1-0F91262D3350}"
EndProject
Project("{2150E333-8FDC-42A3-9474-1A3956D46DE8}") = "Documentation", "Documentation", "{0777C39D-936C-49FB-89A5-FA7582C7630D}"
	ProjectSection(SolutionItems) = preProject
		doc\code_snippets.md = doc\code_snippets.md
		doc\dev_adding_a_new_camera.md = doc\dev_adding_a_new_camera.md
		doc\dev_naming_conventions.md = doc\dev_naming_conventions.md
		doc\Doxyfile = doc\Doxyfile
		License.txt = License.txt
		doc\mainpage.md = doc\mainpage.md
		doc\patch_doxyfile.cmd = doc\patch_doxyfile.cmd
	EndProjectSection
EndProject
Project("{FAE04EC0-301F-11D3-BF4B-00C04F79EFBC}") = "UnitTestParameterMechanism", "Tests\UnitTestParameterMechanism\UnitTestParameterMechanism.csproj", "{E3AB848E-490E-4818-9F4F-C87F22FFEF04}"
EndProject
Project("{FAE04EC0-301F-11D3-BF4B-00C04F79EFBC}") = "MetriCam2.Controls", "MetriCam2.Controls\MetriCam2.Controls.csproj", "{9060CBCF-609D-47B3-9245-43D34C540A73}"
EndProject
Project("{FAE04EC0-301F-11D3-BF4B-00C04F79EFBC}") = "SVS", "BetaCameras\SVS\SVS.csproj", "{E71ADD15-22AA-478B-BA64-CBA0DF4DC432}"
EndProject
Project("{2150E333-8FDC-42A3-9474-1A3956D46DE8}") = "Solution Items", "Solution Items", "{F8B72304-05F7-411A-8A32-8D12BB5BA37E}"
	ProjectSection(SolutionItems) = preProject
		.licenseheader = .licenseheader
		Jenkinsfile.groovy = Jenkinsfile.groovy
		MetrilusReferencesVersions.props = MetrilusReferencesVersions.props
		Scripts\Set Assembly-Info Version.cmd = Scripts\Set Assembly-Info Version.cmd
		SolutionAssemblyInfo.cs = SolutionAssemblyInfo.cs
		SolutionAssemblyInfo.h = SolutionAssemblyInfo.h
	EndProjectSection
EndProject
Project("{FAE04EC0-301F-11D3-BF4B-00C04F79EFBC}") = "Kinect2", "BetaCameras\Kinect2\Kinect2.csproj", "{03558646-61B1-4F4E-BF70-7A623DF27095}"
EndProject
Project("{FAE04EC0-301F-11D3-BF4B-00C04F79EFBC}") = "SimpleViewer", "Samples\SimpleViewer\SimpleViewer.csproj", "{DE24F649-A2A1-47E7-9C63-F032946C0C2F}"
EndProject
Project("{FAE04EC0-301F-11D3-BF4B-00C04F79EFBC}") = "ifm", "BetaCameras\ifm\ifm.csproj", "{177E27F4-7C6E-4BF7-BDE2-97888EE2682C}"
EndProject
Project("{FAE04EC0-301F-11D3-BF4B-00C04F79EFBC}") = "CameraTemplate", "BetaCameras\CameraTemplate\CameraTemplate.csproj", "{C0D82A80-70D7-4782-B4B1-4AF4C31ECC73}"
EndProject
Project("{8BC9CEB8-8B4A-11D0-8D11-00A0C91BC942}") = "OrbbecOpenNI", "BetaCameras\OrbbecOpenNI\OrbbecOpenNI.vcxproj", "{C82202F8-55DB-4511-B006-C88FF3E4427E}"
EndProject
Project("{FAE04EC0-301F-11D3-BF4B-00C04F79EFBC}") = "RealSense", "BetaCameras\RealSense\RealSense.csproj", "{F37DB33A-3E53-42C9-A6DC-B012A9A09EAF}"
EndProject
Project("{8BC9CEB8-8B4A-11D0-8D11-00A0C91BC942}") = "TIVoxel", "BetaCameras\TIVoxel\TIVoxel.vcxproj", "{ECF2A55A-67D9-48B7-936C-873FC6C07364}"
EndProject
Project("{FAE04EC0-301F-11D3-BF4B-00C04F79EFBC}") = "RealSense2", "BetaCameras\RealSense2\RealSense2.csproj", "{3032E9B1-F572-4ECB-906A-F7A2B45EF125}"
EndProject
Project("{FAE04EC0-301F-11D3-BF4B-00C04F79EFBC}") = "Xtion2", "BetaCameras\Xtion2\Xtion2.csproj", "{7F2939D1-17AB-4B94-8933-09C76DC0C07A}"
EndProject
Project("{FAE04EC0-301F-11D3-BF4B-00C04F79EFBC}") = "Sick.TiM561", "BetaCameras\Sick.TiM561\Sick.TiM561.csproj", "{41D6E896-FB86-4BA1-BC99-E2FE4AA89E93}"
EndProject
Project("{9A19103F-16F7-4668-BE54-9A1E7A4F7556}") = "MetriCam2.NetStandard", "MetriCam2\MetriCam2.NetStandard.csproj", "{4A36576E-E47F-4993-AD94-D09B989B4CE4}"
EndProject
Project("{9A19103F-16F7-4668-BE54-9A1E7A4F7556}") = "RealSense2.NetStandard", "BetaCameras\RealSense2\RealSense2.NetStandard.csproj", "{2E74EB9D-6465-4DEF-9B2C-D13713BA3C4C}"
EndProject
Project("{FAE04EC0-301F-11D3-BF4B-00C04F79EFBC}") = "BaslerToF", "BetaCameras\BaslerToF\BaslerToF.csproj", "{9CBCE2AB-4E19-4344-B3CF-67D07CC9C8FC}"
EndProject
Global
	GlobalSection(SolutionConfigurationPlatforms) = preSolution
		Debug|Any CPU = Debug|Any CPU
		Debug|x64 = Debug|x64
		Debug|x86 = Debug|x86
		Release|Any CPU = Release|Any CPU
		Release|x64 = Release|x64
		Release|x86 = Release|x86
	EndGlobalSection
	GlobalSection(ProjectConfigurationPlatforms) = postSolution
		{342F049E-668B-4351-B21D-75E4BEF5A1E4}.Debug|Any CPU.ActiveCfg = Debug|Any CPU
		{342F049E-668B-4351-B21D-75E4BEF5A1E4}.Debug|Any CPU.Build.0 = Debug|Any CPU
		{342F049E-668B-4351-B21D-75E4BEF5A1E4}.Debug|x64.ActiveCfg = Debug|Any CPU
		{342F049E-668B-4351-B21D-75E4BEF5A1E4}.Debug|x64.Build.0 = Debug|Any CPU
		{342F049E-668B-4351-B21D-75E4BEF5A1E4}.Debug|x86.ActiveCfg = Debug|Any CPU
		{342F049E-668B-4351-B21D-75E4BEF5A1E4}.Debug|x86.Build.0 = Debug|Any CPU
		{342F049E-668B-4351-B21D-75E4BEF5A1E4}.Release|Any CPU.ActiveCfg = Release|Any CPU
		{342F049E-668B-4351-B21D-75E4BEF5A1E4}.Release|Any CPU.Build.0 = Release|Any CPU
		{342F049E-668B-4351-B21D-75E4BEF5A1E4}.Release|x64.ActiveCfg = Release|Any CPU
		{342F049E-668B-4351-B21D-75E4BEF5A1E4}.Release|x64.Build.0 = Release|Any CPU
		{342F049E-668B-4351-B21D-75E4BEF5A1E4}.Release|x86.ActiveCfg = Release|Any CPU
		{342F049E-668B-4351-B21D-75E4BEF5A1E4}.Release|x86.Build.0 = Release|Any CPU
		{01C2FB4D-1F35-4855-9B53-0480519387C5}.Debug|Any CPU.ActiveCfg = Debug|Win32
		{01C2FB4D-1F35-4855-9B53-0480519387C5}.Debug|x64.ActiveCfg = Debug|x64
		{01C2FB4D-1F35-4855-9B53-0480519387C5}.Debug|x64.Build.0 = Debug|x64
		{01C2FB4D-1F35-4855-9B53-0480519387C5}.Debug|x86.ActiveCfg = Debug|Win32
		{01C2FB4D-1F35-4855-9B53-0480519387C5}.Debug|x86.Build.0 = Debug|Win32
		{01C2FB4D-1F35-4855-9B53-0480519387C5}.Release|Any CPU.ActiveCfg = Release|Win32
		{01C2FB4D-1F35-4855-9B53-0480519387C5}.Release|x64.ActiveCfg = Release|x64
		{01C2FB4D-1F35-4855-9B53-0480519387C5}.Release|x64.Build.0 = Release|x64
		{01C2FB4D-1F35-4855-9B53-0480519387C5}.Release|x86.ActiveCfg = Release|Win32
		{01C2FB4D-1F35-4855-9B53-0480519387C5}.Release|x86.Build.0 = Release|Win32
		{68003E12-8D06-4EDC-8578-FC075ED27F80}.Debug|Any CPU.ActiveCfg = Debug|x86
		{68003E12-8D06-4EDC-8578-FC075ED27F80}.Debug|x64.ActiveCfg = Debug|x64
		{68003E12-8D06-4EDC-8578-FC075ED27F80}.Debug|x64.Build.0 = Debug|x64
		{68003E12-8D06-4EDC-8578-FC075ED27F80}.Debug|x86.ActiveCfg = Debug|x86
		{68003E12-8D06-4EDC-8578-FC075ED27F80}.Debug|x86.Build.0 = Debug|x86
		{68003E12-8D06-4EDC-8578-FC075ED27F80}.Release|Any CPU.ActiveCfg = Release|x86
		{68003E12-8D06-4EDC-8578-FC075ED27F80}.Release|x64.ActiveCfg = Release|x64
		{68003E12-8D06-4EDC-8578-FC075ED27F80}.Release|x64.Build.0 = Release|x64
		{68003E12-8D06-4EDC-8578-FC075ED27F80}.Release|x86.ActiveCfg = Release|x86
		{68003E12-8D06-4EDC-8578-FC075ED27F80}.Release|x86.Build.0 = Release|x86
		{B64515BC-38E8-44B3-AD2B-E13DEFE6DF96}.Debug|Any CPU.ActiveCfg = Debug|x86
		{B64515BC-38E8-44B3-AD2B-E13DEFE6DF96}.Debug|x64.ActiveCfg = Debug|x64
		{B64515BC-38E8-44B3-AD2B-E13DEFE6DF96}.Debug|x64.Build.0 = Debug|x64
		{B64515BC-38E8-44B3-AD2B-E13DEFE6DF96}.Debug|x86.ActiveCfg = Debug|x86
		{B64515BC-38E8-44B3-AD2B-E13DEFE6DF96}.Debug|x86.Build.0 = Debug|x86
		{B64515BC-38E8-44B3-AD2B-E13DEFE6DF96}.Release|Any CPU.ActiveCfg = Release|x86
		{B64515BC-38E8-44B3-AD2B-E13DEFE6DF96}.Release|x64.ActiveCfg = Release|x64
		{B64515BC-38E8-44B3-AD2B-E13DEFE6DF96}.Release|x64.Build.0 = Release|x64
		{B64515BC-38E8-44B3-AD2B-E13DEFE6DF96}.Release|x86.ActiveCfg = Release|x86
		{B64515BC-38E8-44B3-AD2B-E13DEFE6DF96}.Release|x86.Build.0 = Release|x86
		{27D56448-7608-44D7-BFBA-388A36CB162D}.Debug|Any CPU.ActiveCfg = Debug|x86
		{27D56448-7608-44D7-BFBA-388A36CB162D}.Debug|x64.ActiveCfg = Debug|x64
		{27D56448-7608-44D7-BFBA-388A36CB162D}.Debug|x64.Build.0 = Debug|x64
		{27D56448-7608-44D7-BFBA-388A36CB162D}.Debug|x86.ActiveCfg = Debug|x86
		{27D56448-7608-44D7-BFBA-388A36CB162D}.Debug|x86.Build.0 = Debug|x86
		{27D56448-7608-44D7-BFBA-388A36CB162D}.Release|Any CPU.ActiveCfg = Release|x86
		{27D56448-7608-44D7-BFBA-388A36CB162D}.Release|x64.ActiveCfg = Release|x64
		{27D56448-7608-44D7-BFBA-388A36CB162D}.Release|x64.Build.0 = Release|x64
		{27D56448-7608-44D7-BFBA-388A36CB162D}.Release|x86.ActiveCfg = Release|x86
		{27D56448-7608-44D7-BFBA-388A36CB162D}.Release|x86.Build.0 = Release|x86
		{488A05E9-0E28-4B47-B4EB-FD5FFEAB9BDE}.Debug|Any CPU.ActiveCfg = Debug|x86
		{488A05E9-0E28-4B47-B4EB-FD5FFEAB9BDE}.Debug|x64.ActiveCfg = Debug|x64
		{488A05E9-0E28-4B47-B4EB-FD5FFEAB9BDE}.Debug|x64.Build.0 = Debug|x64
		{488A05E9-0E28-4B47-B4EB-FD5FFEAB9BDE}.Debug|x86.ActiveCfg = Debug|x86
		{488A05E9-0E28-4B47-B4EB-FD5FFEAB9BDE}.Debug|x86.Build.0 = Debug|x86
		{488A05E9-0E28-4B47-B4EB-FD5FFEAB9BDE}.Release|Any CPU.ActiveCfg = Release|x86
		{488A05E9-0E28-4B47-B4EB-FD5FFEAB9BDE}.Release|x64.ActiveCfg = Release|x64
		{488A05E9-0E28-4B47-B4EB-FD5FFEAB9BDE}.Release|x64.Build.0 = Release|x64
		{488A05E9-0E28-4B47-B4EB-FD5FFEAB9BDE}.Release|x86.ActiveCfg = Release|x86
		{488A05E9-0E28-4B47-B4EB-FD5FFEAB9BDE}.Release|x86.Build.0 = Release|x86
		{DE18D143-C624-4941-B8A1-0F91262D3350}.Debug|Any CPU.ActiveCfg = Debug|x86
		{DE18D143-C624-4941-B8A1-0F91262D3350}.Debug|x64.ActiveCfg = Debug|x64
		{DE18D143-C624-4941-B8A1-0F91262D3350}.Debug|x64.Build.0 = Debug|x64
		{DE18D143-C624-4941-B8A1-0F91262D3350}.Debug|x86.ActiveCfg = Debug|x86
		{DE18D143-C624-4941-B8A1-0F91262D3350}.Debug|x86.Build.0 = Debug|x86
		{DE18D143-C624-4941-B8A1-0F91262D3350}.Release|Any CPU.ActiveCfg = Release|x86
		{DE18D143-C624-4941-B8A1-0F91262D3350}.Release|x64.ActiveCfg = Release|x64
		{DE18D143-C624-4941-B8A1-0F91262D3350}.Release|x64.Build.0 = Release|x64
		{DE18D143-C624-4941-B8A1-0F91262D3350}.Release|x86.ActiveCfg = Release|x86
		{DE18D143-C624-4941-B8A1-0F91262D3350}.Release|x86.Build.0 = Release|x86
		{E3AB848E-490E-4818-9F4F-C87F22FFEF04}.Debug|Any CPU.ActiveCfg = Debug|Any CPU
		{E3AB848E-490E-4818-9F4F-C87F22FFEF04}.Debug|Any CPU.Build.0 = Debug|Any CPU
		{E3AB848E-490E-4818-9F4F-C87F22FFEF04}.Debug|x64.ActiveCfg = Debug|Any CPU
		{E3AB848E-490E-4818-9F4F-C87F22FFEF04}.Debug|x64.Build.0 = Debug|Any CPU
		{E3AB848E-490E-4818-9F4F-C87F22FFEF04}.Debug|x86.ActiveCfg = Debug|Any CPU
		{E3AB848E-490E-4818-9F4F-C87F22FFEF04}.Debug|x86.Build.0 = Debug|Any CPU
		{E3AB848E-490E-4818-9F4F-C87F22FFEF04}.Release|Any CPU.ActiveCfg = Release|Any CPU
		{E3AB848E-490E-4818-9F4F-C87F22FFEF04}.Release|Any CPU.Build.0 = Release|Any CPU
		{E3AB848E-490E-4818-9F4F-C87F22FFEF04}.Release|x64.ActiveCfg = Release|Any CPU
		{E3AB848E-490E-4818-9F4F-C87F22FFEF04}.Release|x64.Build.0 = Release|Any CPU
		{E3AB848E-490E-4818-9F4F-C87F22FFEF04}.Release|x86.ActiveCfg = Release|Any CPU
		{E3AB848E-490E-4818-9F4F-C87F22FFEF04}.Release|x86.Build.0 = Release|Any CPU
		{9060CBCF-609D-47B3-9245-43D34C540A73}.Debug|Any CPU.ActiveCfg = Debug|Any CPU
		{9060CBCF-609D-47B3-9245-43D34C540A73}.Debug|Any CPU.Build.0 = Debug|Any CPU
		{9060CBCF-609D-47B3-9245-43D34C540A73}.Debug|x64.ActiveCfg = Debug|Any CPU
		{9060CBCF-609D-47B3-9245-43D34C540A73}.Debug|x64.Build.0 = Debug|Any CPU
		{9060CBCF-609D-47B3-9245-43D34C540A73}.Debug|x86.ActiveCfg = Debug|Any CPU
		{9060CBCF-609D-47B3-9245-43D34C540A73}.Debug|x86.Build.0 = Debug|Any CPU
		{9060CBCF-609D-47B3-9245-43D34C540A73}.Release|Any CPU.ActiveCfg = Release|Any CPU
		{9060CBCF-609D-47B3-9245-43D34C540A73}.Release|Any CPU.Build.0 = Release|Any CPU
		{9060CBCF-609D-47B3-9245-43D34C540A73}.Release|x64.ActiveCfg = Release|Any CPU
		{9060CBCF-609D-47B3-9245-43D34C540A73}.Release|x64.Build.0 = Release|Any CPU
		{9060CBCF-609D-47B3-9245-43D34C540A73}.Release|x86.ActiveCfg = Release|Any CPU
		{9060CBCF-609D-47B3-9245-43D34C540A73}.Release|x86.Build.0 = Release|Any CPU
		{E71ADD15-22AA-478B-BA64-CBA0DF4DC432}.Debug|Any CPU.ActiveCfg = Debug|x86
		{E71ADD15-22AA-478B-BA64-CBA0DF4DC432}.Debug|x64.ActiveCfg = Debug|x64
		{E71ADD15-22AA-478B-BA64-CBA0DF4DC432}.Debug|x64.Build.0 = Debug|x64
		{E71ADD15-22AA-478B-BA64-CBA0DF4DC432}.Debug|x86.ActiveCfg = Debug|x86
		{E71ADD15-22AA-478B-BA64-CBA0DF4DC432}.Debug|x86.Build.0 = Debug|x86
		{E71ADD15-22AA-478B-BA64-CBA0DF4DC432}.Release|Any CPU.ActiveCfg = Release|x86
		{E71ADD15-22AA-478B-BA64-CBA0DF4DC432}.Release|x64.ActiveCfg = Release|x64
		{E71ADD15-22AA-478B-BA64-CBA0DF4DC432}.Release|x64.Build.0 = Release|x64
		{E71ADD15-22AA-478B-BA64-CBA0DF4DC432}.Release|x86.ActiveCfg = Release|x86
		{E71ADD15-22AA-478B-BA64-CBA0DF4DC432}.Release|x86.Build.0 = Release|x86
		{03558646-61B1-4F4E-BF70-7A623DF27095}.Debug|Any CPU.ActiveCfg = Debug|Any CPU
		{03558646-61B1-4F4E-BF70-7A623DF27095}.Debug|Any CPU.Build.0 = Debug|Any CPU
		{03558646-61B1-4F4E-BF70-7A623DF27095}.Debug|x64.ActiveCfg = Debug|Any CPU
		{03558646-61B1-4F4E-BF70-7A623DF27095}.Debug|x64.Build.0 = Debug|Any CPU
		{03558646-61B1-4F4E-BF70-7A623DF27095}.Debug|x86.ActiveCfg = Debug|Any CPU
		{03558646-61B1-4F4E-BF70-7A623DF27095}.Debug|x86.Build.0 = Debug|Any CPU
		{03558646-61B1-4F4E-BF70-7A623DF27095}.Release|Any CPU.ActiveCfg = Release|Any CPU
		{03558646-61B1-4F4E-BF70-7A623DF27095}.Release|Any CPU.Build.0 = Release|Any CPU
		{03558646-61B1-4F4E-BF70-7A623DF27095}.Release|x64.ActiveCfg = Release|Any CPU
		{03558646-61B1-4F4E-BF70-7A623DF27095}.Release|x64.Build.0 = Release|Any CPU
		{03558646-61B1-4F4E-BF70-7A623DF27095}.Release|x86.ActiveCfg = Release|Any CPU
		{03558646-61B1-4F4E-BF70-7A623DF27095}.Release|x86.Build.0 = Release|Any CPU
		{DE24F649-A2A1-47E7-9C63-F032946C0C2F}.Debug|Any CPU.ActiveCfg = Debug|x86
		{DE24F649-A2A1-47E7-9C63-F032946C0C2F}.Debug|x64.ActiveCfg = Debug|x64
		{DE24F649-A2A1-47E7-9C63-F032946C0C2F}.Debug|x64.Build.0 = Debug|x64
		{DE24F649-A2A1-47E7-9C63-F032946C0C2F}.Debug|x86.ActiveCfg = Debug|x86
		{DE24F649-A2A1-47E7-9C63-F032946C0C2F}.Debug|x86.Build.0 = Debug|x86
		{DE24F649-A2A1-47E7-9C63-F032946C0C2F}.Release|Any CPU.ActiveCfg = Release|x86
		{DE24F649-A2A1-47E7-9C63-F032946C0C2F}.Release|x64.ActiveCfg = Release|x64
		{DE24F649-A2A1-47E7-9C63-F032946C0C2F}.Release|x64.Build.0 = Release|x64
		{DE24F649-A2A1-47E7-9C63-F032946C0C2F}.Release|x86.ActiveCfg = Release|x86
		{DE24F649-A2A1-47E7-9C63-F032946C0C2F}.Release|x86.Build.0 = Release|x86
		{177E27F4-7C6E-4BF7-BDE2-97888EE2682C}.Debug|Any CPU.ActiveCfg = Debug|x86
		{177E27F4-7C6E-4BF7-BDE2-97888EE2682C}.Debug|x64.ActiveCfg = Debug|x64
		{177E27F4-7C6E-4BF7-BDE2-97888EE2682C}.Debug|x64.Build.0 = Debug|x64
		{177E27F4-7C6E-4BF7-BDE2-97888EE2682C}.Debug|x86.ActiveCfg = Debug|x86
		{177E27F4-7C6E-4BF7-BDE2-97888EE2682C}.Debug|x86.Build.0 = Debug|x86
		{177E27F4-7C6E-4BF7-BDE2-97888EE2682C}.Release|Any CPU.ActiveCfg = Release|x86
		{177E27F4-7C6E-4BF7-BDE2-97888EE2682C}.Release|x64.ActiveCfg = Release|x64
		{177E27F4-7C6E-4BF7-BDE2-97888EE2682C}.Release|x64.Build.0 = Release|x64
		{177E27F4-7C6E-4BF7-BDE2-97888EE2682C}.Release|x86.ActiveCfg = Release|x86
		{177E27F4-7C6E-4BF7-BDE2-97888EE2682C}.Release|x86.Build.0 = Release|x86
		{C0D82A80-70D7-4782-B4B1-4AF4C31ECC73}.Debug|Any CPU.ActiveCfg = Debug|x86
		{C0D82A80-70D7-4782-B4B1-4AF4C31ECC73}.Debug|x64.ActiveCfg = Debug|x64
		{C0D82A80-70D7-4782-B4B1-4AF4C31ECC73}.Debug|x64.Build.0 = Debug|x64
		{C0D82A80-70D7-4782-B4B1-4AF4C31ECC73}.Debug|x86.ActiveCfg = Debug|x86
		{C0D82A80-70D7-4782-B4B1-4AF4C31ECC73}.Debug|x86.Build.0 = Debug|x86
		{C0D82A80-70D7-4782-B4B1-4AF4C31ECC73}.Release|Any CPU.ActiveCfg = Release|x86
		{C0D82A80-70D7-4782-B4B1-4AF4C31ECC73}.Release|x64.ActiveCfg = Release|x64
		{C0D82A80-70D7-4782-B4B1-4AF4C31ECC73}.Release|x64.Build.0 = Release|x64
		{C0D82A80-70D7-4782-B4B1-4AF4C31ECC73}.Release|x86.ActiveCfg = Release|x86
		{C0D82A80-70D7-4782-B4B1-4AF4C31ECC73}.Release|x86.Build.0 = Release|x86
		{C82202F8-55DB-4511-B006-C88FF3E4427E}.Debug|Any CPU.ActiveCfg = Debug|Win32
		{C82202F8-55DB-4511-B006-C88FF3E4427E}.Debug|x64.ActiveCfg = Debug|x64
		{C82202F8-55DB-4511-B006-C88FF3E4427E}.Debug|x64.Build.0 = Debug|x64
		{C82202F8-55DB-4511-B006-C88FF3E4427E}.Debug|x86.ActiveCfg = Debug|Win32
		{C82202F8-55DB-4511-B006-C88FF3E4427E}.Debug|x86.Build.0 = Debug|Win32
		{C82202F8-55DB-4511-B006-C88FF3E4427E}.Release|Any CPU.ActiveCfg = Release|Win32
		{C82202F8-55DB-4511-B006-C88FF3E4427E}.Release|x64.ActiveCfg = Release|x64
		{C82202F8-55DB-4511-B006-C88FF3E4427E}.Release|x64.Build.0 = Release|x64
		{C82202F8-55DB-4511-B006-C88FF3E4427E}.Release|x86.ActiveCfg = Release|Win32
		{C82202F8-55DB-4511-B006-C88FF3E4427E}.Release|x86.Build.0 = Release|Win32
		{F37DB33A-3E53-42C9-A6DC-B012A9A09EAF}.Debug|Any CPU.ActiveCfg = Debug|Any CPU
		{F37DB33A-3E53-42C9-A6DC-B012A9A09EAF}.Debug|Any CPU.Build.0 = Debug|Any CPU
		{F37DB33A-3E53-42C9-A6DC-B012A9A09EAF}.Debug|x64.ActiveCfg = Debug|x64
		{F37DB33A-3E53-42C9-A6DC-B012A9A09EAF}.Debug|x64.Build.0 = Debug|x64
		{F37DB33A-3E53-42C9-A6DC-B012A9A09EAF}.Debug|x86.ActiveCfg = Debug|Any CPU
		{F37DB33A-3E53-42C9-A6DC-B012A9A09EAF}.Debug|x86.Build.0 = Debug|Any CPU
		{F37DB33A-3E53-42C9-A6DC-B012A9A09EAF}.Release|Any CPU.ActiveCfg = Release|Any CPU
		{F37DB33A-3E53-42C9-A6DC-B012A9A09EAF}.Release|Any CPU.Build.0 = Release|Any CPU
		{F37DB33A-3E53-42C9-A6DC-B012A9A09EAF}.Release|x64.ActiveCfg = Release|x64
		{F37DB33A-3E53-42C9-A6DC-B012A9A09EAF}.Release|x64.Build.0 = Release|x64
		{F37DB33A-3E53-42C9-A6DC-B012A9A09EAF}.Release|x86.ActiveCfg = Release|Any CPU
		{F37DB33A-3E53-42C9-A6DC-B012A9A09EAF}.Release|x86.Build.0 = Release|Any CPU
		{ECF2A55A-67D9-48B7-936C-873FC6C07364}.Debug|Any CPU.ActiveCfg = Debug|x64
		{ECF2A55A-67D9-48B7-936C-873FC6C07364}.Debug|x64.ActiveCfg = Debug|x64
		{ECF2A55A-67D9-48B7-936C-873FC6C07364}.Debug|x64.Build.0 = Debug|x64
		{ECF2A55A-67D9-48B7-936C-873FC6C07364}.Debug|x86.ActiveCfg = Debug|x64
		{ECF2A55A-67D9-48B7-936C-873FC6C07364}.Release|Any CPU.ActiveCfg = Release|x64
		{ECF2A55A-67D9-48B7-936C-873FC6C07364}.Release|x64.ActiveCfg = Release|x64
		{ECF2A55A-67D9-48B7-936C-873FC6C07364}.Release|x64.Build.0 = Release|x64
		{ECF2A55A-67D9-48B7-936C-873FC6C07364}.Release|x86.ActiveCfg = Release|x64
		{3032E9B1-F572-4ECB-906A-F7A2B45EF125}.Debug|Any CPU.ActiveCfg = Debug|Any CPU
		{3032E9B1-F572-4ECB-906A-F7A2B45EF125}.Debug|Any CPU.Build.0 = Debug|Any CPU
		{3032E9B1-F572-4ECB-906A-F7A2B45EF125}.Debug|x64.ActiveCfg = Debug|Any CPU
		{3032E9B1-F572-4ECB-906A-F7A2B45EF125}.Debug|x64.Build.0 = Debug|Any CPU
		{3032E9B1-F572-4ECB-906A-F7A2B45EF125}.Debug|x86.ActiveCfg = Debug|Any CPU
		{3032E9B1-F572-4ECB-906A-F7A2B45EF125}.Debug|x86.Build.0 = Debug|Any CPU
		{3032E9B1-F572-4ECB-906A-F7A2B45EF125}.Release|Any CPU.ActiveCfg = Release|Any CPU
		{3032E9B1-F572-4ECB-906A-F7A2B45EF125}.Release|Any CPU.Build.0 = Release|Any CPU
		{3032E9B1-F572-4ECB-906A-F7A2B45EF125}.Release|x64.ActiveCfg = Release|Any CPU
		{3032E9B1-F572-4ECB-906A-F7A2B45EF125}.Release|x64.Build.0 = Release|Any CPU
		{3032E9B1-F572-4ECB-906A-F7A2B45EF125}.Release|x86.ActiveCfg = Release|Any CPU
		{3032E9B1-F572-4ECB-906A-F7A2B45EF125}.Release|x86.Build.0 = Release|Any CPU
		{7F2939D1-17AB-4B94-8933-09C76DC0C07A}.Debug|Any CPU.ActiveCfg = Debug|x86
		{7F2939D1-17AB-4B94-8933-09C76DC0C07A}.Debug|x64.ActiveCfg = Debug|x64
		{7F2939D1-17AB-4B94-8933-09C76DC0C07A}.Debug|x64.Build.0 = Debug|x64
		{7F2939D1-17AB-4B94-8933-09C76DC0C07A}.Debug|x86.ActiveCfg = Debug|x86
		{7F2939D1-17AB-4B94-8933-09C76DC0C07A}.Debug|x86.Build.0 = Debug|x86
		{7F2939D1-17AB-4B94-8933-09C76DC0C07A}.Release|Any CPU.ActiveCfg = Release|x86
		{7F2939D1-17AB-4B94-8933-09C76DC0C07A}.Release|x64.ActiveCfg = Release|x64
		{7F2939D1-17AB-4B94-8933-09C76DC0C07A}.Release|x64.Build.0 = Release|x64
		{7F2939D1-17AB-4B94-8933-09C76DC0C07A}.Release|x86.ActiveCfg = Release|x86
		{7F2939D1-17AB-4B94-8933-09C76DC0C07A}.Release|x86.Build.0 = Release|x86
		{41D6E896-FB86-4BA1-BC99-E2FE4AA89E93}.Debug|Any CPU.ActiveCfg = Debug|Any CPU
		{41D6E896-FB86-4BA1-BC99-E2FE4AA89E93}.Debug|Any CPU.Build.0 = Debug|Any CPU
		{41D6E896-FB86-4BA1-BC99-E2FE4AA89E93}.Debug|x64.ActiveCfg = Debug|Any CPU
		{41D6E896-FB86-4BA1-BC99-E2FE4AA89E93}.Debug|x64.Build.0 = Debug|Any CPU
		{41D6E896-FB86-4BA1-BC99-E2FE4AA89E93}.Debug|x86.ActiveCfg = Debug|Any CPU
		{41D6E896-FB86-4BA1-BC99-E2FE4AA89E93}.Debug|x86.Build.0 = Debug|Any CPU
		{41D6E896-FB86-4BA1-BC99-E2FE4AA89E93}.Release|Any CPU.ActiveCfg = Release|Any CPU
		{41D6E896-FB86-4BA1-BC99-E2FE4AA89E93}.Release|Any CPU.Build.0 = Release|Any CPU
		{41D6E896-FB86-4BA1-BC99-E2FE4AA89E93}.Release|x64.ActiveCfg = Release|Any CPU
		{41D6E896-FB86-4BA1-BC99-E2FE4AA89E93}.Release|x64.Build.0 = Release|Any CPU
		{41D6E896-FB86-4BA1-BC99-E2FE4AA89E93}.Release|x86.ActiveCfg = Release|Any CPU
		{41D6E896-FB86-4BA1-BC99-E2FE4AA89E93}.Release|x86.Build.0 = Release|Any CPU
		{4A36576E-E47F-4993-AD94-D09B989B4CE4}.Debug|Any CPU.ActiveCfg = Debug|Any CPU
		{4A36576E-E47F-4993-AD94-D09B989B4CE4}.Debug|Any CPU.Build.0 = Debug|Any CPU
		{4A36576E-E47F-4993-AD94-D09B989B4CE4}.Debug|x64.ActiveCfg = Debug|Any CPU
		{4A36576E-E47F-4993-AD94-D09B989B4CE4}.Debug|x64.Build.0 = Debug|Any CPU
		{4A36576E-E47F-4993-AD94-D09B989B4CE4}.Debug|x86.ActiveCfg = Debug|Any CPU
		{4A36576E-E47F-4993-AD94-D09B989B4CE4}.Debug|x86.Build.0 = Debug|Any CPU
		{4A36576E-E47F-4993-AD94-D09B989B4CE4}.Release|Any CPU.ActiveCfg = Release|Any CPU
		{4A36576E-E47F-4993-AD94-D09B989B4CE4}.Release|Any CPU.Build.0 = Release|Any CPU
		{4A36576E-E47F-4993-AD94-D09B989B4CE4}.Release|x64.ActiveCfg = Release|Any CPU
		{4A36576E-E47F-4993-AD94-D09B989B4CE4}.Release|x64.Build.0 = Release|Any CPU
		{4A36576E-E47F-4993-AD94-D09B989B4CE4}.Release|x86.ActiveCfg = Release|Any CPU
		{4A36576E-E47F-4993-AD94-D09B989B4CE4}.Release|x86.Build.0 = Release|Any CPU
		{2E74EB9D-6465-4DEF-9B2C-D13713BA3C4C}.Debug|Any CPU.ActiveCfg = Debug|Any CPU
		{2E74EB9D-6465-4DEF-9B2C-D13713BA3C4C}.Debug|Any CPU.Build.0 = Debug|Any CPU
		{2E74EB9D-6465-4DEF-9B2C-D13713BA3C4C}.Debug|x64.ActiveCfg = Debug|Any CPU
		{2E74EB9D-6465-4DEF-9B2C-D13713BA3C4C}.Debug|x64.Build.0 = Debug|Any CPU
		{2E74EB9D-6465-4DEF-9B2C-D13713BA3C4C}.Debug|x86.ActiveCfg = Debug|Any CPU
		{2E74EB9D-6465-4DEF-9B2C-D13713BA3C4C}.Debug|x86.Build.0 = Debug|Any CPU
		{2E74EB9D-6465-4DEF-9B2C-D13713BA3C4C}.Release|Any CPU.ActiveCfg = Release|Any CPU
		{2E74EB9D-6465-4DEF-9B2C-D13713BA3C4C}.Release|Any CPU.Build.0 = Release|Any CPU
		{2E74EB9D-6465-4DEF-9B2C-D13713BA3C4C}.Release|x64.ActiveCfg = Release|Any CPU
		{2E74EB9D-6465-4DEF-9B2C-D13713BA3C4C}.Release|x64.Build.0 = Release|Any CPU
		{2E74EB9D-6465-4DEF-9B2C-D13713BA3C4C}.Release|x86.ActiveCfg = Release|Any CPU
		{2E74EB9D-6465-4DEF-9B2C-D13713BA3C4C}.Release|x86.Build.0 = Release|Any CPU
		{9CBCE2AB-4E19-4344-B3CF-67D07CC9C8FC}.Debug|Any CPU.ActiveCfg = Debug|x86
		{9CBCE2AB-4E19-4344-B3CF-67D07CC9C8FC}.Debug|x64.ActiveCfg = Debug|x64
		{9CBCE2AB-4E19-4344-B3CF-67D07CC9C8FC}.Debug|x64.Build.0 = Debug|x64
		{9CBCE2AB-4E19-4344-B3CF-67D07CC9C8FC}.Debug|x86.ActiveCfg = Debug|x86
		{9CBCE2AB-4E19-4344-B3CF-67D07CC9C8FC}.Debug|x86.Build.0 = Debug|x86
		{9CBCE2AB-4E19-4344-B3CF-67D07CC9C8FC}.Release|Any CPU.ActiveCfg = Release|x86
		{9CBCE2AB-4E19-4344-B3CF-67D07CC9C8FC}.Release|x64.ActiveCfg = Release|x64
		{9CBCE2AB-4E19-4344-B3CF-67D07CC9C8FC}.Release|x64.Build.0 = Release|x64
		{9CBCE2AB-4E19-4344-B3CF-67D07CC9C8FC}.Release|x86.ActiveCfg = Release|x86
		{9CBCE2AB-4E19-4344-B3CF-67D07CC9C8FC}.Release|x86.Build.0 = Release|x86
	EndGlobalSection
	GlobalSection(SolutionProperties) = preSolution
		HideSolutionNode = FALSE
	EndGlobalSection
	GlobalSection(NestedProjects) = preSolution
		{01C2FB4D-1F35-4855-9B53-0480519387C5} = {4817E415-1337-4CA1-BF30-23D3EA0F806B}
		{68003E12-8D06-4EDC-8578-FC075ED27F80} = {4817E415-1337-4CA1-BF30-23D3EA0F806B}
		{B64515BC-38E8-44B3-AD2B-E13DEFE6DF96} = {1B040287-F8FC-444F-BFF6-E85C9ECF52CC}
		{27D56448-7608-44D7-BFBA-388A36CB162D} = {1B040287-F8FC-444F-BFF6-E85C9ECF52CC}
		{488A05E9-0E28-4B47-B4EB-FD5FFEAB9BDE} = {6AB144DD-597B-4900-8768-7C5423630A71}
		{DE18D143-C624-4941-B8A1-0F91262D3350} = {4817E415-1337-4CA1-BF30-23D3EA0F806B}
		{E3AB848E-490E-4818-9F4F-C87F22FFEF04} = {1B040287-F8FC-444F-BFF6-E85C9ECF52CC}
		{E71ADD15-22AA-478B-BA64-CBA0DF4DC432} = {4817E415-1337-4CA1-BF30-23D3EA0F806B}
		{03558646-61B1-4F4E-BF70-7A623DF27095} = {4817E415-1337-4CA1-BF30-23D3EA0F806B}
		{DE24F649-A2A1-47E7-9C63-F032946C0C2F} = {6AB144DD-597B-4900-8768-7C5423630A71}
		{177E27F4-7C6E-4BF7-BDE2-97888EE2682C} = {4817E415-1337-4CA1-BF30-23D3EA0F806B}
		{C0D82A80-70D7-4782-B4B1-4AF4C31ECC73} = {4817E415-1337-4CA1-BF30-23D3EA0F806B}
		{C82202F8-55DB-4511-B006-C88FF3E4427E} = {4817E415-1337-4CA1-BF30-23D3EA0F806B}
		{F37DB33A-3E53-42C9-A6DC-B012A9A09EAF} = {4817E415-1337-4CA1-BF30-23D3EA0F806B}
		{ECF2A55A-67D9-48B7-936C-873FC6C07364} = {4817E415-1337-4CA1-BF30-23D3EA0F806B}
		{3032E9B1-F572-4ECB-906A-F7A2B45EF125} = {4817E415-1337-4CA1-BF30-23D3EA0F806B}
		{7F2939D1-17AB-4B94-8933-09C76DC0C07A} = {4817E415-1337-4CA1-BF30-23D3EA0F806B}
		{41D6E896-FB86-4BA1-BC99-E2FE4AA89E93} = {4817E415-1337-4CA1-BF30-23D3EA0F806B}
		{2E74EB9D-6465-4DEF-9B2C-D13713BA3C4C} = {4817E415-1337-4CA1-BF30-23D3EA0F806B}
		{9CBCE2AB-4E19-4344-B3CF-67D07CC9C8FC} = {4817E415-1337-4CA1-BF30-23D3EA0F806B}
	EndGlobalSection
	GlobalSection(ExtensibilityGlobals) = postSolution
		SolutionGuid = {E4CD8F0D-A50B-44DC-80D3-0C789213BF2B}
	EndGlobalSection
EndGlobal
