
Microsoft Visual Studio Solution File, Format Version 12.00
# Visual Studio 15
VisualStudioVersion = 15.0.26430.13
MinimumVisualStudioVersion = 10.0.40219.1
Project("{FAE04EC0-301F-11D3-BF4B-00C04F79EFBC}") = "MetriCam2", "MetriCam2\MetriCam2.csproj", "{342F049E-668B-4351-B21D-75E4BEF5A1E4}"
EndProject
Project("{8BC9CEB8-8B4A-11D0-8D11-00A0C91BC942}") = "WebCam", "BetaCameras\WebCam\WebCam.vcxproj", "{01C2FB4D-1F35-4855-9B53-0480519387C5}"
EndProject
Project("{2150E333-8FDC-42A3-9474-1A3956D46DE8}") = "BetaCameras", "BetaCameras", "{4817E415-1337-4CA1-BF30-23D3EA0F806B}"
EndProject
Project("{FAE04EC0-301F-11D3-BF4B-00C04F79EFBC}") = "UEye", "BetaCameras\UEye\UEye.csproj", "{68003E12-8D06-4EDC-8578-FC075ED27F80}"
EndProject
Project("{2150E333-8FDC-42A3-9474-1A3956D46DE8}") = "Tests", "Tests", "{1B040287-F8FC-444F-BFF6-E85C9ECF52CC}"
EndProject
Project("{FAE04EC0-301F-11D3-BF4B-00C04F79EFBC}") = "LoadCalibrationsTest", "Tests\LoadCalibrationsTest\LoadCalibrationsTest.csproj", "{B64515BC-38E8-44B3-AD2B-E13DEFE6DF96}"
EndProject
Project("{FAE04EC0-301F-11D3-BF4B-00C04F79EFBC}") = "TestCameraSettings", "Tests\TestCameraSettings\TestCameraSettings.csproj", "{27D56448-7608-44D7-BFBA-388A36CB162D}"
EndProject
Project("{2150E333-8FDC-42A3-9474-1A3956D46DE8}") = "Samples", "Samples", "{6AB144DD-597B-4900-8768-7C5423630A71}"
EndProject
Project("{FAE04EC0-301F-11D3-BF4B-00C04F79EFBC}") = "MinimalSample", "Samples\MinimalSample\MinimalSample.csproj", "{488A05E9-0E28-4B47-B4EB-FD5FFEAB9BDE}"
EndProject
Project("{FAE04EC0-301F-11D3-BF4B-00C04F79EFBC}") = "Sick", "BetaCameras\Sick\Sick.csproj", "{DE18D143-C624-4941-B8A1-0F91262D3350}"
EndProject
Project("{2150E333-8FDC-42A3-9474-1A3956D46DE8}") = "Documentation", "Documentation", "{0777C39D-936C-49FB-89A5-FA7582C7630D}"
	ProjectSection(SolutionItems) = preProject
		doc\code_snippets.md = doc\code_snippets.md
		doc\dev_adding_a_new_camera.md = doc\dev_adding_a_new_camera.md
		doc\dev_naming_conventions.md = doc\dev_naming_conventions.md
		doc\Doxyfile = doc\Doxyfile
		License.txt = License.txt
		doc\mainpage.md = doc\mainpage.md
		doc\patch_doxyfile.cmd = doc\patch_doxyfile.cmd
	EndProjectSection
EndProject
Project("{FAE04EC0-301F-11D3-BF4B-00C04F79EFBC}") = "UnitTestParameterMechanism", "Tests\UnitTestParameterMechanism\UnitTestParameterMechanism.csproj", "{E3AB848E-490E-4818-9F4F-C87F22FFEF04}"
EndProject
Project("{FAE04EC0-301F-11D3-BF4B-00C04F79EFBC}") = "MetriCam2.Controls", "MetriCam2.Controls\MetriCam2.Controls.csproj", "{9060CBCF-609D-47B3-9245-43D34C540A73}"
EndProject
Project("{FAE04EC0-301F-11D3-BF4B-00C04F79EFBC}") = "SVS", "BetaCameras\SVS\SVS.csproj", "{E71ADD15-22AA-478B-BA64-CBA0DF4DC432}"
EndProject
Project("{2150E333-8FDC-42A3-9474-1A3956D46DE8}") = "Solution Items", "Solution Items", "{F8B72304-05F7-411A-8A32-8D12BB5BA37E}"
	ProjectSection(SolutionItems) = preProject
		Jenkinsfile.groovy = Jenkinsfile.groovy
		MetrilusReferencesVersions.props = MetrilusReferencesVersions.props
		SolutionAssemblyInfo.cs = SolutionAssemblyInfo.cs
		SolutionAssemblyInfo.h = SolutionAssemblyInfo.h
	EndProjectSection
EndProject
Project("{FAE04EC0-301F-11D3-BF4B-00C04F79EFBC}") = "Kinect2", "BetaCameras\Kinect2\Kinect2.csproj", "{03558646-61B1-4F4E-BF70-7A623DF27095}"
EndProject
Project("{FAE04EC0-301F-11D3-BF4B-00C04F79EFBC}") = "SimpleViewer", "Samples\SimpleViewer\SimpleViewer.csproj", "{DE24F649-A2A1-47E7-9C63-F032946C0C2F}"
EndProject
Project("{FAE04EC0-301F-11D3-BF4B-00C04F79EFBC}") = "ifm", "BetaCameras\ifm\ifm.csproj", "{177E27F4-7C6E-4BF7-BDE2-97888EE2682C}"
EndProject
Project("{FAE04EC0-301F-11D3-BF4B-00C04F79EFBC}") = "CameraTemplate", "BetaCameras\CameraTemplate\CameraTemplate.csproj", "{C0D82A80-70D7-4782-B4B1-4AF4C31ECC73}"
EndProject
Project("{8BC9CEB8-8B4A-11D0-8D11-00A0C91BC942}") = "Orbbec", "BetaCameras\Orbbec\Orbbec.vcxproj", "{564D0750-5BFF-4AB3-A6C0-1CE442C71719}"
EndProject
Global
	GlobalSection(SolutionConfigurationPlatforms) = preSolution
		Debug|x64 = Debug|x64
		Debug|x86 = Debug|x86
		Release|x64 = Release|x64
		Release|x86 = Release|x86
	EndGlobalSection
	GlobalSection(ProjectConfigurationPlatforms) = postSolution
		{342F049E-668B-4351-B21D-75E4BEF5A1E4}.Debug|x64.ActiveCfg = Debug|Any CPU
		{342F049E-668B-4351-B21D-75E4BEF5A1E4}.Debug|x64.Build.0 = Debug|Any CPU
		{342F049E-668B-4351-B21D-75E4BEF5A1E4}.Debug|x86.ActiveCfg = Debug|Any CPU
		{342F049E-668B-4351-B21D-75E4BEF5A1E4}.Debug|x86.Build.0 = Debug|Any CPU
		{342F049E-668B-4351-B21D-75E4BEF5A1E4}.Release|x64.ActiveCfg = Release|Any CPU
		{342F049E-668B-4351-B21D-75E4BEF5A1E4}.Release|x64.Build.0 = Release|Any CPU
		{342F049E-668B-4351-B21D-75E4BEF5A1E4}.Release|x86.ActiveCfg = Release|Any CPU
		{342F049E-668B-4351-B21D-75E4BEF5A1E4}.Release|x86.Build.0 = Release|Any CPU
		{01C2FB4D-1F35-4855-9B53-0480519387C5}.Debug|x64.ActiveCfg = Debug|x64
		{01C2FB4D-1F35-4855-9B53-0480519387C5}.Debug|x64.Build.0 = Debug|x64
		{01C2FB4D-1F35-4855-9B53-0480519387C5}.Debug|x86.ActiveCfg = Debug|Win32
		{01C2FB4D-1F35-4855-9B53-0480519387C5}.Debug|x86.Build.0 = Debug|Win32
		{01C2FB4D-1F35-4855-9B53-0480519387C5}.Release|x64.ActiveCfg = Release|x64
		{01C2FB4D-1F35-4855-9B53-0480519387C5}.Release|x64.Build.0 = Release|x64
		{01C2FB4D-1F35-4855-9B53-0480519387C5}.Release|x86.ActiveCfg = Release|Win32
		{01C2FB4D-1F35-4855-9B53-0480519387C5}.Release|x86.Build.0 = Release|Win32
		{68003E12-8D06-4EDC-8578-FC075ED27F80}.Debug|x64.ActiveCfg = Debug|x64
		{68003E12-8D06-4EDC-8578-FC075ED27F80}.Debug|x64.Build.0 = Debug|x64
		{68003E12-8D06-4EDC-8578-FC075ED27F80}.Debug|x86.ActiveCfg = Debug|x86
		{68003E12-8D06-4EDC-8578-FC075ED27F80}.Debug|x86.Build.0 = Debug|x86
		{68003E12-8D06-4EDC-8578-FC075ED27F80}.Release|x64.ActiveCfg = Release|x64
		{68003E12-8D06-4EDC-8578-FC075ED27F80}.Release|x64.Build.0 = Release|x64
		{68003E12-8D06-4EDC-8578-FC075ED27F80}.Release|x86.ActiveCfg = Release|x86
		{68003E12-8D06-4EDC-8578-FC075ED27F80}.Release|x86.Build.0 = Release|x86
		{B64515BC-38E8-44B3-AD2B-E13DEFE6DF96}.Debug|x64.ActiveCfg = Debug|x64
		{B64515BC-38E8-44B3-AD2B-E13DEFE6DF96}.Debug|x64.Build.0 = Debug|x64
		{B64515BC-38E8-44B3-AD2B-E13DEFE6DF96}.Debug|x86.ActiveCfg = Debug|x86
		{B64515BC-38E8-44B3-AD2B-E13DEFE6DF96}.Debug|x86.Build.0 = Debug|x86
		{B64515BC-38E8-44B3-AD2B-E13DEFE6DF96}.Release|x64.ActiveCfg = Release|x64
		{B64515BC-38E8-44B3-AD2B-E13DEFE6DF96}.Release|x64.Build.0 = Release|x64
		{B64515BC-38E8-44B3-AD2B-E13DEFE6DF96}.Release|x86.ActiveCfg = Release|x86
		{B64515BC-38E8-44B3-AD2B-E13DEFE6DF96}.Release|x86.Build.0 = Release|x86
		{27D56448-7608-44D7-BFBA-388A36CB162D}.Debug|x64.ActiveCfg = Debug|x64
		{27D56448-7608-44D7-BFBA-388A36CB162D}.Debug|x64.Build.0 = Debug|x64
		{27D56448-7608-44D7-BFBA-388A36CB162D}.Debug|x86.ActiveCfg = Debug|x86
		{27D56448-7608-44D7-BFBA-388A36CB162D}.Debug|x86.Build.0 = Debug|x86
		{27D56448-7608-44D7-BFBA-388A36CB162D}.Release|x64.ActiveCfg = Release|x64
		{27D56448-7608-44D7-BFBA-388A36CB162D}.Release|x64.Build.0 = Release|x64
		{27D56448-7608-44D7-BFBA-388A36CB162D}.Release|x86.ActiveCfg = Release|x86
		{27D56448-7608-44D7-BFBA-388A36CB162D}.Release|x86.Build.0 = Release|x86
		{488A05E9-0E28-4B47-B4EB-FD5FFEAB9BDE}.Debug|x64.ActiveCfg = Debug|x64
		{488A05E9-0E28-4B47-B4EB-FD5FFEAB9BDE}.Debug|x64.Build.0 = Debug|x64
		{488A05E9-0E28-4B47-B4EB-FD5FFEAB9BDE}.Debug|x86.ActiveCfg = Debug|x86
		{488A05E9-0E28-4B47-B4EB-FD5FFEAB9BDE}.Debug|x86.Build.0 = Debug|x86
		{488A05E9-0E28-4B47-B4EB-FD5FFEAB9BDE}.Release|x64.ActiveCfg = Release|x64
		{488A05E9-0E28-4B47-B4EB-FD5FFEAB9BDE}.Release|x64.Build.0 = Release|x64
		{488A05E9-0E28-4B47-B4EB-FD5FFEAB9BDE}.Release|x86.ActiveCfg = Release|x86
		{488A05E9-0E28-4B47-B4EB-FD5FFEAB9BDE}.Release|x86.Build.0 = Release|x86
		{DE18D143-C624-4941-B8A1-0F91262D3350}.Debug|x64.ActiveCfg = Debug|x64
		{DE18D143-C624-4941-B8A1-0F91262D3350}.Debug|x64.Build.0 = Debug|x64
		{DE18D143-C624-4941-B8A1-0F91262D3350}.Debug|x86.ActiveCfg = Debug|x86
		{DE18D143-C624-4941-B8A1-0F91262D3350}.Debug|x86.Build.0 = Debug|x86
		{DE18D143-C624-4941-B8A1-0F91262D3350}.Release|x64.ActiveCfg = Release|x64
		{DE18D143-C624-4941-B8A1-0F91262D3350}.Release|x64.Build.0 = Release|x64
		{DE18D143-C624-4941-B8A1-0F91262D3350}.Release|x86.ActiveCfg = Release|x86
		{DE18D143-C624-4941-B8A1-0F91262D3350}.Release|x86.Build.0 = Release|x86
		{E3AB848E-490E-4818-9F4F-C87F22FFEF04}.Debug|x64.ActiveCfg = Debug|Any CPU
		{E3AB848E-490E-4818-9F4F-C87F22FFEF04}.Debug|x64.Build.0 = Debug|Any CPU
		{E3AB848E-490E-4818-9F4F-C87F22FFEF04}.Debug|x86.ActiveCfg = Debug|Any CPU
		{E3AB848E-490E-4818-9F4F-C87F22FFEF04}.Debug|x86.Build.0 = Debug|Any CPU
		{E3AB848E-490E-4818-9F4F-C87F22FFEF04}.Release|x64.ActiveCfg = Release|Any CPU
		{E3AB848E-490E-4818-9F4F-C87F22FFEF04}.Release|x64.Build.0 = Release|Any CPU
		{E3AB848E-490E-4818-9F4F-C87F22FFEF04}.Release|x86.ActiveCfg = Release|Any CPU
		{E3AB848E-490E-4818-9F4F-C87F22FFEF04}.Release|x86.Build.0 = Release|Any CPU
		{9060CBCF-609D-47B3-9245-43D34C540A73}.Debug|x64.ActiveCfg = Debug|Any CPU
		{9060CBCF-609D-47B3-9245-43D34C540A73}.Debug|x64.Build.0 = Debug|Any CPU
		{9060CBCF-609D-47B3-9245-43D34C540A73}.Debug|x86.ActiveCfg = Debug|Any CPU
		{9060CBCF-609D-47B3-9245-43D34C540A73}.Debug|x86.Build.0 = Debug|Any CPU
		{9060CBCF-609D-47B3-9245-43D34C540A73}.Release|x64.ActiveCfg = Release|Any CPU
		{9060CBCF-609D-47B3-9245-43D34C540A73}.Release|x64.Build.0 = Release|Any CPU
		{9060CBCF-609D-47B3-9245-43D34C540A73}.Release|x86.ActiveCfg = Release|Any CPU
		{9060CBCF-609D-47B3-9245-43D34C540A73}.Release|x86.Build.0 = Release|Any CPU
		{E71ADD15-22AA-478B-BA64-CBA0DF4DC432}.Debug|x64.ActiveCfg = Debug|x64
		{E71ADD15-22AA-478B-BA64-CBA0DF4DC432}.Debug|x64.Build.0 = Debug|x64
		{E71ADD15-22AA-478B-BA64-CBA0DF4DC432}.Debug|x86.ActiveCfg = Debug|x86
		{E71ADD15-22AA-478B-BA64-CBA0DF4DC432}.Debug|x86.Build.0 = Debug|x86
		{E71ADD15-22AA-478B-BA64-CBA0DF4DC432}.Release|x64.ActiveCfg = Release|x64
		{E71ADD15-22AA-478B-BA64-CBA0DF4DC432}.Release|x64.Build.0 = Release|x64
		{E71ADD15-22AA-478B-BA64-CBA0DF4DC432}.Release|x86.ActiveCfg = Release|x86
		{E71ADD15-22AA-478B-BA64-CBA0DF4DC432}.Release|x86.Build.0 = Release|x86
		{03558646-61B1-4F4E-BF70-7A623DF27095}.Debug|x64.ActiveCfg = Debug|Any CPU
		{03558646-61B1-4F4E-BF70-7A623DF27095}.Debug|x64.Build.0 = Debug|Any CPU
		{03558646-61B1-4F4E-BF70-7A623DF27095}.Debug|x86.ActiveCfg = Debug|Any CPU
		{03558646-61B1-4F4E-BF70-7A623DF27095}.Debug|x86.Build.0 = Debug|Any CPU
		{03558646-61B1-4F4E-BF70-7A623DF27095}.Release|x64.ActiveCfg = Release|Any CPU
		{03558646-61B1-4F4E-BF70-7A623DF27095}.Release|x64.Build.0 = Release|Any CPU
		{03558646-61B1-4F4E-BF70-7A623DF27095}.Release|x86.ActiveCfg = Release|Any CPU
		{03558646-61B1-4F4E-BF70-7A623DF27095}.Release|x86.Build.0 = Release|Any CPU
		{DE24F649-A2A1-47E7-9C63-F032946C0C2F}.Debug|x64.ActiveCfg = Debug|x64
		{DE24F649-A2A1-47E7-9C63-F032946C0C2F}.Debug|x64.Build.0 = Debug|x64
		{DE24F649-A2A1-47E7-9C63-F032946C0C2F}.Debug|x86.ActiveCfg = Debug|x86
		{DE24F649-A2A1-47E7-9C63-F032946C0C2F}.Debug|x86.Build.0 = Debug|x86
		{DE24F649-A2A1-47E7-9C63-F032946C0C2F}.Release|x64.ActiveCfg = Release|x64
		{DE24F649-A2A1-47E7-9C63-F032946C0C2F}.Release|x64.Build.0 = Release|x64
		{DE24F649-A2A1-47E7-9C63-F032946C0C2F}.Release|x86.ActiveCfg = Release|x86
		{DE24F649-A2A1-47E7-9C63-F032946C0C2F}.Release|x86.Build.0 = Release|x86
		{177E27F4-7C6E-4BF7-BDE2-97888EE2682C}.Debug|x64.ActiveCfg = Debug|x64
		{177E27F4-7C6E-4BF7-BDE2-97888EE2682C}.Debug|x64.Build.0 = Debug|x64
		{177E27F4-7C6E-4BF7-BDE2-97888EE2682C}.Debug|x86.ActiveCfg = Debug|x86
		{177E27F4-7C6E-4BF7-BDE2-97888EE2682C}.Debug|x86.Build.0 = Debug|x86
		{177E27F4-7C6E-4BF7-BDE2-97888EE2682C}.Release|x64.ActiveCfg = Release|x64
		{177E27F4-7C6E-4BF7-BDE2-97888EE2682C}.Release|x64.Build.0 = Release|x64
		{177E27F4-7C6E-4BF7-BDE2-97888EE2682C}.Release|x86.ActiveCfg = Release|x86
		{177E27F4-7C6E-4BF7-BDE2-97888EE2682C}.Release|x86.Build.0 = Release|x86
		{C0D82A80-70D7-4782-B4B1-4AF4C31ECC73}.Debug|x64.ActiveCfg = Debug|x64
		{C0D82A80-70D7-4782-B4B1-4AF4C31ECC73}.Debug|x64.Build.0 = Debug|x64
		{C0D82A80-70D7-4782-B4B1-4AF4C31ECC73}.Debug|x86.ActiveCfg = Debug|x86
		{C0D82A80-70D7-4782-B4B1-4AF4C31ECC73}.Debug|x86.Build.0 = Debug|x86
		{C0D82A80-70D7-4782-B4B1-4AF4C31ECC73}.Release|x64.ActiveCfg = Release|x64
		{C0D82A80-70D7-4782-B4B1-4AF4C31ECC73}.Release|x64.Build.0 = Release|x64
		{C0D82A80-70D7-4782-B4B1-4AF4C31ECC73}.Release|x86.ActiveCfg = Release|x86
		{C0D82A80-70D7-4782-B4B1-4AF4C31ECC73}.Release|x86.Build.0 = Release|x86
		{564D0750-5BFF-4AB3-A6C0-1CE442C71719}.Debug|x64.ActiveCfg = Debug|x64
		{564D0750-5BFF-4AB3-A6C0-1CE442C71719}.Debug|x64.Build.0 = Debug|x64
		{564D0750-5BFF-4AB3-A6C0-1CE442C71719}.Debug|x86.ActiveCfg = Debug|x64
		{564D0750-5BFF-4AB3-A6C0-1CE442C71719}.Release|x64.ActiveCfg = Release|x64
		{564D0750-5BFF-4AB3-A6C0-1CE442C71719}.Release|x64.Build.0 = Release|x64
		{564D0750-5BFF-4AB3-A6C0-1CE442C71719}.Release|x86.ActiveCfg = Release|x64
	EndGlobalSection
	GlobalSection(SolutionProperties) = preSolution
		HideSolutionNode = FALSE
	EndGlobalSection
	GlobalSection(NestedProjects) = preSolution
		{01C2FB4D-1F35-4855-9B53-0480519387C5} = {4817E415-1337-4CA1-BF30-23D3EA0F806B}
		{68003E12-8D06-4EDC-8578-FC075ED27F80} = {4817E415-1337-4CA1-BF30-23D3EA0F806B}
		{B64515BC-38E8-44B3-AD2B-E13DEFE6DF96} = {1B040287-F8FC-444F-BFF6-E85C9ECF52CC}
		{27D56448-7608-44D7-BFBA-388A36CB162D} = {1B040287-F8FC-444F-BFF6-E85C9ECF52CC}
		{488A05E9-0E28-4B47-B4EB-FD5FFEAB9BDE} = {6AB144DD-597B-4900-8768-7C5423630A71}
		{DE18D143-C624-4941-B8A1-0F91262D3350} = {4817E415-1337-4CA1-BF30-23D3EA0F806B}
		{E3AB848E-490E-4818-9F4F-C87F22FFEF04} = {1B040287-F8FC-444F-BFF6-E85C9ECF52CC}
		{E71ADD15-22AA-478B-BA64-CBA0DF4DC432} = {4817E415-1337-4CA1-BF30-23D3EA0F806B}
		{03558646-61B1-4F4E-BF70-7A623DF27095} = {4817E415-1337-4CA1-BF30-23D3EA0F806B}
		{DE24F649-A2A1-47E7-9C63-F032946C0C2F} = {6AB144DD-597B-4900-8768-7C5423630A71}
		{177E27F4-7C6E-4BF7-BDE2-97888EE2682C} = {4817E415-1337-4CA1-BF30-23D3EA0F806B}
		{C0D82A80-70D7-4782-B4B1-4AF4C31ECC73} = {4817E415-1337-4CA1-BF30-23D3EA0F806B}
		{564D0750-5BFF-4AB3-A6C0-1CE442C71719} = {4817E415-1337-4CA1-BF30-23D3EA0F806B}
	EndGlobalSection
EndGlobal
